
Microsoft Visual Studio Solution File, Format Version 12.00
# Visual Studio Version 17
VisualStudioVersion = 17.6.33829.357
MinimumVisualStudioVersion = 10.0.40219.1
Project("{FAE04EC0-301F-11D3-BF4B-00C04F79EFBC}") = "INFT3050 project", "INFT3050 project\INFT3050 project.csproj", "{C599831A-F147-48E6-BBDD-C25D544E8894}"
EndProject
Global
	GlobalSection(SolutionConfigurationPlatforms) = preSolution
		Debug|Any CPU = Debug|Any CPU
		Release|Any CPU = Release|Any CPU
	EndGlobalSection
	GlobalSection(ProjectConfigurationPlatforms) = postSolution
		{C599831A-F147-48E6-BBDD-C25D544E8894}.Debug|Any CPU.ActiveCfg = Debug|Any CPU
		{C599831A-F147-48E6-BBDD-C25D544E8894}.Debug|Any CPU.Build.0 = Debug|Any CPU
		{C599831A-F147-48E6-BBDD-C25D544E8894}.Release|Any CPU.ActiveCfg = Release|Any CPU
		{C599831A-F147-48E6-BBDD-C25D544E8894}.Release|Any CPU.Build.0 = Release|Any CPU
	EndGlobalSection
	GlobalSection(SolutionProperties) = preSolution
		HideSolutionNode = FALSE
	EndGlobalSection
	GlobalSection(ExtensibilityGlobals) = postSolution
		SolutionGuid = {4C1883A2-30DA-4E59-B92F-7A0969943416}
	EndGlobalSection
EndGlobal
